
Microsoft Visual Studio Solution File, Format Version 12.00
# Visual Studio 15
VisualStudioVersion = 15.0.28307.168
MinimumVisualStudioVersion = 10.0.40219.1
Project("{E24C65DC-7377-472B-9ABA-BC803B73C61A}") = "Pragrim_Technology", "Pragrim_Technology\", "{032C6E3A-B006-42E8-9BCD-1770F2025A26}"
	ProjectSection(WebsiteProperties) = preProject
		TargetFrameworkMoniker = ".NETFramework,Version%3Dv4.6"
		Debug.AspNetCompiler.VirtualPath = "/localhost_50508"
		Debug.AspNetCompiler.PhysicalPath = "Pragrim_Technology\"
		Debug.AspNetCompiler.TargetPath = "PrecompiledWeb\localhost_50508\"
		Debug.AspNetCompiler.Updateable = "true"
		Debug.AspNetCompiler.ForceOverwrite = "true"
		Debug.AspNetCompiler.FixedNames = "false"
		Debug.AspNetCompiler.Debug = "True"
		Release.AspNetCompiler.VirtualPath = "/localhost_50508"
		Release.AspNetCompiler.PhysicalPath = "Pragrim_Technology\"
		Release.AspNetCompiler.TargetPath = "PrecompiledWeb\localhost_50508\"
		Release.AspNetCompiler.Updateable = "true"
		Release.AspNetCompiler.ForceOverwrite = "true"
		Release.AspNetCompiler.FixedNames = "false"
		Release.AspNetCompiler.Debug = "False"
		VWDPort = "50508"
		SlnRelativePath = "Pragrim_Technology\"
		DefaultWebSiteLanguage = "Visual C#"
	EndProjectSection
EndProject
Global
	GlobalSection(SolutionConfigurationPlatforms) = preSolution
		Debug|Any CPU = Debug|Any CPU
	EndGlobalSection
	GlobalSection(ProjectConfigurationPlatforms) = postSolution
		{032C6E3A-B006-42E8-9BCD-1770F2025A26}.Debug|Any CPU.ActiveCfg = Debug|Any CPU
		{032C6E3A-B006-42E8-9BCD-1770F2025A26}.Debug|Any CPU.Build.0 = Debug|Any CPU
	EndGlobalSection
	GlobalSection(SolutionProperties) = preSolution
		HideSolutionNode = FALSE
	EndGlobalSection
	GlobalSection(ExtensibilityGlobals) = postSolution
		SolutionGuid = {5C3506DE-B892-491D-842C-B945F9040882}
	EndGlobalSection
EndGlobal
